
Microsoft Visual Studio Solution File, Format Version 12.00
# Visual Studio 2013
VisualStudioVersion = 12.0.30110.0
MinimumVisualStudioVersion = 10.0.40219.1
Project("{E24C65DC-7377-472B-9ABA-BC803B73C61A}") = "LoadingNotifier", "http://localhost:10476", "{EE50AD84-A537-46B9-834C-457DCFAA693B}"
	ProjectSection(WebsiteProperties) = preProject
		UseIISExpress = "true"
		TargetFrameworkMoniker = ".NETFramework,Version%3Dv4.0"
		Debug.AspNetCompiler.VirtualPath = "/localhost_10476"
		Debug.AspNetCompiler.PhysicalPath = "C:\Users\David\Source\Workspaces\ExpertsExchange1\LoadingNotifier\"
		Debug.AspNetCompiler.TargetPath = "PrecompiledWeb\localhost_10476\"
		Debug.AspNetCompiler.Updateable = "true"
		Debug.AspNetCompiler.ForceOverwrite = "true"
		Debug.AspNetCompiler.FixedNames = "false"
		Debug.AspNetCompiler.Debug = "True"
		Release.AspNetCompiler.VirtualPath = "/localhost_10476"
		Release.AspNetCompiler.PhysicalPath = "C:\Users\David\Source\Workspaces\ExpertsExchange1\LoadingNotifier\"
		Release.AspNetCompiler.TargetPath = "PrecompiledWeb\localhost_10476\"
		Release.AspNetCompiler.Updateable = "true"
		Release.AspNetCompiler.ForceOverwrite = "true"
		Release.AspNetCompiler.FixedNames = "false"
		Release.AspNetCompiler.Debug = "False"
		SlnRelativePath = "C:\Users\David\Source\Workspaces\ExpertsExchange1\LoadingNotifier\"
	EndProjectSection
EndProject
Project("{2150E333-8FDC-42A3-9474-1A3956D46DE8}") = ".nuget", ".nuget", "{62C3155D-872F-4CE6-893B-6187B4119723}"
	ProjectSection(SolutionItems) = preProject
		.nuget\NuGet.Config = .nuget\NuGet.Config
		.nuget\NuGet.exe = .nuget\NuGet.exe
		.nuget\NuGet.targets = .nuget\NuGet.targets
	EndProjectSection
EndProject
Global
	GlobalSection(SolutionConfigurationPlatforms) = preSolution
		Debug|Any CPU = Debug|Any CPU
		Release|Any CPU = Release|Any CPU
	EndGlobalSection
	GlobalSection(ProjectConfigurationPlatforms) = postSolution
		{EE50AD84-A537-46B9-834C-457DCFAA693B}.Debug|Any CPU.ActiveCfg = Debug|Any CPU
		{EE50AD84-A537-46B9-834C-457DCFAA693B}.Debug|Any CPU.Build.0 = Debug|Any CPU
		{EE50AD84-A537-46B9-834C-457DCFAA693B}.Release|Any CPU.ActiveCfg = Debug|Any CPU
		{EE50AD84-A537-46B9-834C-457DCFAA693B}.Release|Any CPU.Build.0 = Debug|Any CPU
	EndGlobalSection
	GlobalSection(SolutionProperties) = preSolution
		HideSolutionNode = FALSE
	EndGlobalSection
EndGlobal
